
Microsoft Visual Studio Solution File, Format Version 12.00
# Visual Studio Version 16
VisualStudioVersion = 16.0.30406.217
MinimumVisualStudioVersion = 10.0.40219.1
Project("{FAE04EC0-301F-11D3-BF4B-00C04F79EFBC}") = "Products.API", "Products.API\Products.API.csproj", "{CFB9B087-AA1C-41BD-B65D-6082888E73A1}"
EndProject
Project("{FAE04EC0-301F-11D3-BF4B-00C04F79EFBC}") = "Products.API.Tests", "Products.API.Tests\Products.API.Tests.csproj", "{97D06162-C8DA-4F3A-904F-79DBEE6BBCE4}"
EndProject
Global
	GlobalSection(SolutionConfigurationPlatforms) = preSolution
		Debug|Any CPU = Debug|Any CPU
		Release|Any CPU = Release|Any CPU
	EndGlobalSection
	GlobalSection(ProjectConfigurationPlatforms) = postSolution
		{CFB9B087-AA1C-41BD-B65D-6082888E73A1}.Debug|Any CPU.ActiveCfg = Debug|Any CPU
		{CFB9B087-AA1C-41BD-B65D-6082888E73A1}.Debug|Any CPU.Build.0 = Debug|Any CPU
		{CFB9B087-AA1C-41BD-B65D-6082888E73A1}.Release|Any CPU.ActiveCfg = Release|Any CPU
		{CFB9B087-AA1C-41BD-B65D-6082888E73A1}.Release|Any CPU.Build.0 = Release|Any CPU
		{97D06162-C8DA-4F3A-904F-79DBEE6BBCE4}.Debug|Any CPU.ActiveCfg = Debug|Any CPU
		{97D06162-C8DA-4F3A-904F-79DBEE6BBCE4}.Debug|Any CPU.Build.0 = Debug|Any CPU
		{97D06162-C8DA-4F3A-904F-79DBEE6BBCE4}.Release|Any CPU.ActiveCfg = Release|Any CPU
		{97D06162-C8DA-4F3A-904F-79DBEE6BBCE4}.Release|Any CPU.Build.0 = Release|Any CPU
	EndGlobalSection
	GlobalSection(SolutionProperties) = preSolution
		HideSolutionNode = FALSE
	EndGlobalSection
	GlobalSection(ExtensibilityGlobals) = postSolution
		SolutionGuid = {CA60FCF5-D445-4B48-B8DC-E809AA5D5E2B}
	EndGlobalSection
EndGlobal
